
Microsoft Visual Studio Solution File, Format Version 12.00
# Visual Studio Version 16
VisualStudioVersion = 16.0.31702.278
MinimumVisualStudioVersion = 10.0.40219.1
Project("{FAE04EC0-301F-11D3-BF4B-00C04F79EFBC}") = "tok", "tok\tok.csproj", "{276694F8-FFE7-41AF-8493-DD99D8E07E46}"
EndProject
Global
	GlobalSection(SolutionConfigurationPlatforms) = preSolution
		Debug|Any CPU = Debug|Any CPU
		Release|Any CPU = Release|Any CPU
	EndGlobalSection
	GlobalSection(ProjectConfigurationPlatforms) = postSolution
		{276694F8-FFE7-41AF-8493-DD99D8E07E46}.Debug|Any CPU.ActiveCfg = Debug|Any CPU
		{276694F8-FFE7-41AF-8493-DD99D8E07E46}.Debug|Any CPU.Build.0 = Debug|Any CPU
		{276694F8-FFE7-41AF-8493-DD99D8E07E46}.Release|Any CPU.ActiveCfg = Release|Any CPU
		{276694F8-FFE7-41AF-8493-DD99D8E07E46}.Release|Any CPU.Build.0 = Release|Any CPU
	EndGlobalSection
	GlobalSection(SolutionProperties) = preSolution
		HideSolutionNode = FALSE
	EndGlobalSection
	GlobalSection(ExtensibilityGlobals) = postSolution
		SolutionGuid = {870A19FF-90CD-4FBE-B074-CC6426572C1F}
	EndGlobalSection
EndGlobal
